
Microsoft Visual Studio Solution File, Format Version 11.00
# Visual Studio 2010
Project("{FAE04EC0-301F-11D3-BF4B-00C04F79EFBC}") = "IrisPID", "IrisPID\IrisPID.csproj", "{FBE905CB-2DC0-4B3D-A4A7-884BB2FDB039}"
EndProject
Project("{FAE04EC0-301F-11D3-BF4B-00C04F79EFBC}") = "IrisPIDConsola", "IrisPIDConsola\IrisPIDConsola.csproj", "{7225175E-294D-42C8-B7AC-2EC0F382DE70}"
EndProject
Project("{FAE04EC0-301F-11D3-BF4B-00C04F79EFBC}") = "IrisPIDLib", "IrisPIDLib\IrisPIDLib.csproj", "{BBCE0F33-EECC-4A58-9224-8CE136049617}"
EndProject
Global
	GlobalSection(SolutionConfigurationPlatforms) = preSolution
		Debug|x86 = Debug|x86
		Release|x86 = Release|x86
	EndGlobalSection
	GlobalSection(ProjectConfigurationPlatforms) = postSolution
		{FBE905CB-2DC0-4B3D-A4A7-884BB2FDB039}.Debug|x86.ActiveCfg = Release|x86
		{FBE905CB-2DC0-4B3D-A4A7-884BB2FDB039}.Debug|x86.Build.0 = Release|x86
		{FBE905CB-2DC0-4B3D-A4A7-884BB2FDB039}.Release|x86.ActiveCfg = Release|x86
		{FBE905CB-2DC0-4B3D-A4A7-884BB2FDB039}.Release|x86.Build.0 = Release|x86
		
		{7225175E-294D-42C8-B7AC-2EC0F382DE70}.Debug|x86.ActiveCfg = Release|x86
		{7225175E-294D-42C8-B7AC-2EC0F382DE70}.Debug|x86.Build.0 = Release|x86
		{7225175E-294D-42C8-B7AC-2EC0F382DE70}.Release|x86.ActiveCfg = Release|x86
		{7225175E-294D-42C8-B7AC-2EC0F382DE70}.Release|x86.Build.0 = Release|x86
		
		{BBCE0F33-EECC-4A58-9224-8CE136049617}.Debug|x86.ActiveCfg = Release|Any CPU
		{BBCE0F33-EECC-4A58-9224-8CE136049617}.Debug|x86.Build.0 = Release|Any CPU
		{BBCE0F33-EECC-4A58-9224-8CE136049617}.Release|x86.ActiveCfg = Release|Any CPU
		{BBCE0F33-EECC-4A58-9224-8CE136049617}.Release|x86.Build.0 = Release|Any CPU
	EndGlobalSection
	GlobalSection(SolutionProperties) = preSolution
		HideSolutionNode = FALSE
	EndGlobalSection
EndGlobal
